
Microsoft Visual Studio Solution File, Format Version 12.00
# Visual Studio 15
VisualStudioVersion = 15.0.28307.539
MinimumVisualStudioVersion = 10.0.40219.1
Project("{FAE04EC0-301F-11D3-BF4B-00C04F79EFBC}") = "WeFirstCoreProject.Api", "WeFirstCoreProject.Api\WeFirstCoreProject.Api.csproj", "{997053FD-A4F5-445A-BF1D-A4469B8D1250}"
EndProject
Project("{FAE04EC0-301F-11D3-BF4B-00C04F79EFBC}") = "WeFirstCoreProject.Common", "WeFirstCoreProject.Common\WeFirstCoreProject.Common.csproj", "{ACC8571D-4C2A-4DA2-A949-CCDEC1FF628D}"
EndProject
Project("{FAE04EC0-301F-11D3-BF4B-00C04F79EFBC}") = "WeFirstCoreProject.Infrastructure", "WeFirstCoreProject.Infrastructure\WeFirstCoreProject.Infrastructure.csproj", "{2EB3D6CB-127D-41F2-8EAC-D5331CC9E721}"
EndProject
Project("{FAE04EC0-301F-11D3-BF4B-00C04F79EFBC}") = "WeFirstCoreProject.Application", "WeFirstCoreProject.Application\WeFirstCoreProject.Application.csproj", "{1F378AAF-6850-4C50-9049-FFABCEA659F8}"
EndProject
Global
	GlobalSection(SolutionConfigurationPlatforms) = preSolution
		Debug|Any CPU = Debug|Any CPU
		Release|Any CPU = Release|Any CPU
	EndGlobalSection
	GlobalSection(ProjectConfigurationPlatforms) = postSolution
		{997053FD-A4F5-445A-BF1D-A4469B8D1250}.Debug|Any CPU.ActiveCfg = Debug|Any CPU
		{997053FD-A4F5-445A-BF1D-A4469B8D1250}.Debug|Any CPU.Build.0 = Debug|Any CPU
		{997053FD-A4F5-445A-BF1D-A4469B8D1250}.Release|Any CPU.ActiveCfg = Release|Any CPU
		{997053FD-A4F5-445A-BF1D-A4469B8D1250}.Release|Any CPU.Build.0 = Release|Any CPU
		{ACC8571D-4C2A-4DA2-A949-CCDEC1FF628D}.Debug|Any CPU.ActiveCfg = Debug|Any CPU
		{ACC8571D-4C2A-4DA2-A949-CCDEC1FF628D}.Debug|Any CPU.Build.0 = Debug|Any CPU
		{ACC8571D-4C2A-4DA2-A949-CCDEC1FF628D}.Release|Any CPU.ActiveCfg = Release|Any CPU
		{ACC8571D-4C2A-4DA2-A949-CCDEC1FF628D}.Release|Any CPU.Build.0 = Release|Any CPU
		{2EB3D6CB-127D-41F2-8EAC-D5331CC9E721}.Debug|Any CPU.ActiveCfg = Debug|Any CPU
		{2EB3D6CB-127D-41F2-8EAC-D5331CC9E721}.Debug|Any CPU.Build.0 = Debug|Any CPU
		{2EB3D6CB-127D-41F2-8EAC-D5331CC9E721}.Release|Any CPU.ActiveCfg = Release|Any CPU
		{2EB3D6CB-127D-41F2-8EAC-D5331CC9E721}.Release|Any CPU.Build.0 = Release|Any CPU
		{1F378AAF-6850-4C50-9049-FFABCEA659F8}.Debug|Any CPU.ActiveCfg = Debug|Any CPU
		{1F378AAF-6850-4C50-9049-FFABCEA659F8}.Debug|Any CPU.Build.0 = Debug|Any CPU
		{1F378AAF-6850-4C50-9049-FFABCEA659F8}.Release|Any CPU.ActiveCfg = Release|Any CPU
		{1F378AAF-6850-4C50-9049-FFABCEA659F8}.Release|Any CPU.Build.0 = Release|Any CPU
	EndGlobalSection
	GlobalSection(SolutionProperties) = preSolution
		HideSolutionNode = FALSE
	EndGlobalSection
	GlobalSection(ExtensibilityGlobals) = postSolution
		SolutionGuid = {EA66ABF8-0E24-43E6-8844-CABC1868DEFB}
	EndGlobalSection
EndGlobal
